
Microsoft Visual Studio Solution File, Format Version 12.00
# Visual Studio Version 17
VisualStudioVersion = 17.12.35527.113 d17.12
MinimumVisualStudioVersion = 10.0.40219.1
Project("{FAE04EC0-301F-11D3-BF4B-00C04F79EFBC}") = "NonGenerics", "NonGenerics\NonGenerics.csproj", "{CA5BB7D4-2B79-445B-8100-EB91DBA10977}"
EndProject
Global
	GlobalSection(SolutionConfigurationPlatforms) = preSolution
		Debug|Any CPU = Debug|Any CPU
		Release|Any CPU = Release|Any CPU
	EndGlobalSection
	GlobalSection(ProjectConfigurationPlatforms) = postSolution
		{CA5BB7D4-2B79-445B-8100-EB91DBA10977}.Debug|Any CPU.ActiveCfg = Debug|Any CPU
		{CA5BB7D4-2B79-445B-8100-EB91DBA10977}.Debug|Any CPU.Build.0 = Debug|Any CPU
		{CA5BB7D4-2B79-445B-8100-EB91DBA10977}.Release|Any CPU.ActiveCfg = Release|Any CPU
		{CA5BB7D4-2B79-445B-8100-EB91DBA10977}.Release|Any CPU.Build.0 = Release|Any CPU
	EndGlobalSection
	GlobalSection(SolutionProperties) = preSolution
		HideSolutionNode = FALSE
	EndGlobalSection
EndGlobal
